// !$*UTF8*$!
{
	archiveVersion = 1;
	classes = {
	};
	objectVersion = 46;
	objects = {

/* Begin PBXBuildFile section */
		4B2D454C176CEFD1003AA274 /* JNTableViewController.m in Sources */ = {isa = PBXBuildFile; fileRef = 4B2D454B176CEFD1003AA274 /* JNTableViewController.m */; };
		4B2D454E176CF84E003AA274 /* DownloadedFonts.plist in Resources */ = {isa = PBXBuildFile; fileRef = 4B2D454D176CF84E003AA274 /* DownloadedFonts.plist */; };
		4B2D4553176CFA16003AA274 /* SystemFonts.plist in Resources */ = {isa = PBXBuildFile; fileRef = 4B2D4552176CFA16003AA274 /* SystemFonts.plist */; };
		4B2D4557176D01E7003AA274 /* JNTextViewController.m in Sources */ = {isa = PBXBuildFile; fileRef = 4B2D4556176D01E7003AA274 /* JNTextViewController.m */; };
		4BAF50B5176CE500008697B7 /* UIKit.framework in Frameworks */ = {isa = PBXBuildFile; fileRef = 4BAF50B4176CE500008697B7 /* UIKit.framework */; };
		4BAF50B7176CE500008697B7 /* Foundation.framework in Frameworks */ = {isa = PBXBuildFile; fileRef = 4BAF50B6176CE500008697B7 /* Foundation.framework */; };
		4BAF50B9176CE500008697B7 /* CoreGraphics.framework in Frameworks */ = {isa = PBXBuildFile; fileRef = 4BAF50B8176CE500008697B7 /* CoreGraphics.framework */; };
		4BAF50C5176CE500008697B7 /* JNAppDelegate.m in Sources */ = {isa = PBXBuildFile; fileRef = 4BAF50C4176CE500008697B7 /* JNAppDelegate.m */; };
		4BAF50D9176CE5CF008697B7 /* MainStoryboard.storyboard in Resources */ = {isa = PBXBuildFile; fileRef = 4BAF50D8176CE5CF008697B7 /* MainStoryboard.storyboard */; };
		4BAF50DD176CE5ED008697B7 /* InfoPlist.strings in Resources */ = {isa = PBXBuildFile; fileRef = 4BAF50DB176CE5ED008697B7 /* InfoPlist.strings */; };
		4BAF50E8176CE632008697B7 /* Default-568h@2x.png in Resources */ = {isa = PBXBuildFile; fileRef = 4BAF50E5176CE632008697B7 /* Default-568h@2x.png */; };
		4BAF50E9176CE632008697B7 /* Default.png in Resources */ = {isa = PBXBuildFile; fileRef = 4BAF50E6176CE632008697B7 /* Default.png */; };
		4BAF50EA176CE632008697B7 /* Default@2x.png in Resources */ = {isa = PBXBuildFile; fileRef = 4BAF50E7176CE632008697B7 /* Default@2x.png */; };
		4BAF50F0176CE656008697B7 /* main.m in Sources */ = {isa = PBXBuildFile; fileRef = 4BAF50EF176CE656008697B7 /* main.m */; };
		F6FC71E26ABE44AB93E2D2C6 /* libPods.a in Frameworks */ = {isa = PBXBuildFile; fileRef = 45F6074048964165B1EFFF35 /* libPods.a */; };
/* End PBXBuildFile section */

/* Begin PBXFileReference section */
		45F6074048964165B1EFFF35 /* libPods.a */ = {isa = PBXFileReference; explicitFileType = archive.ar; includeInIndex = 0; path = libPods.a; sourceTree = BUILT_PRODUCTS_DIR; };
		4B2D454A176CEFD1003AA274 /* JNTableViewController.h */ = {isa = PBXFileReference; fileEncoding = 4; lastKnownFileType = sourcecode.c.h; path = JNTableViewController.h; sourceTree = "<group>"; };
		4B2D454B176CEFD1003AA274 /* JNTableViewController.m */ = {isa = PBXFileReference; fileEncoding = 4; lastKnownFileType = sourcecode.c.objc; path = JNTableViewController.m; sourceTree = "<group>"; };
		4B2D454D176CF84E003AA274 /* DownloadedFonts.plist */ = {isa = PBXFileReference; fileEncoding = 4; lastKnownFileType = text.plist.xml; name = DownloadedFonts.plist; path = Resources/DownloadedFonts.plist; sourceTree = "<group>"; };
		4B2D4552176CFA16003AA274 /* SystemFonts.plist */ = {isa = PBXFileReference; fileEncoding = 4; lastKnownFileType = text.plist.xml; name = SystemFonts.plist; path = Resources/SystemFonts.plist; sourceTree = "<group>"; };
		4B2D4554176CFD1F003AA274 /* JNConstants.h */ = {isa = PBXFileReference; lastKnownFileType = sourcecode.c.h; path = JNConstants.h; sourceTree = "<group>"; };
		4B2D4555176D01E7003AA274 /* JNTextViewController.h */ = {isa = PBXFileReference; fileEncoding = 4; lastKnownFileType = sourcecode.c.h; path = JNTextViewController.h; sourceTree = "<group>"; };
		4B2D4556176D01E7003AA274 /* JNTextViewController.m */ = {isa = PBXFileReference; fileEncoding = 4; lastKnownFileType = sourcecode.c.objc; path = JNTextViewController.m; sourceTree = "<group>"; };
		4BAF50B1176CE500008697B7 /* DownloadedFontRegistration.app */ = {isa = PBXFileReference; explicitFileType = wrapper.application; includeInIndex = 0; path = DownloadedFontRegistration.app; sourceTree = BUILT_PRODUCTS_DIR; };
		4BAF50B4176CE500008697B7 /* UIKit.framework */ = {isa = PBXFileReference; lastKnownFileType = wrapper.framework; name = UIKit.framework; path = System/Library/Frameworks/UIKit.framework; sourceTree = SDKROOT; };
		4BAF50B6176CE500008697B7 /* Foundation.framework */ = {isa = PBXFileReference; lastKnownFileType = wrapper.framework; name = Foundation.framework; path = System/Library/Frameworks/Foundation.framework; sourceTree = SDKROOT; };
		4BAF50B8176CE500008697B7 /* CoreGraphics.framework */ = {isa = PBXFileReference; lastKnownFileType = wrapper.framework; name = CoreGraphics.framework; path = System/Library/Frameworks/CoreGraphics.framework; sourceTree = SDKROOT; };
		4BAF50C3176CE500008697B7 /* JNAppDelegate.h */ = {isa = PBXFileReference; lastKnownFileType = sourcecode.c.h; path = JNAppDelegate.h; sourceTree = "<group>"; };
		4BAF50C4176CE500008697B7 /* JNAppDelegate.m */ = {isa = PBXFileReference; lastKnownFileType = sourcecode.c.objc; path = JNAppDelegate.m; sourceTree = "<group>"; };
		4BAF50D8176CE5CF008697B7 /* MainStoryboard.storyboard */ = {isa = PBXFileReference; fileEncoding = 4; lastKnownFileType = file.storyboard; path = MainStoryboard.storyboard; sourceTree = "<group>"; };
		4BAF50DB176CE5ED008697B7 /* InfoPlist.strings */ = {isa = PBXFileReference; fileEncoding = 4; lastKnownFileType = text.plist.strings; path = InfoPlist.strings; sourceTree = "<group>"; };
		4BAF50DF176CE60F008697B7 /* DownloadedFontRegistration-Info.plist */ = {isa = PBXFileReference; fileEncoding = 4; lastKnownFileType = text.plist.xml; path = "DownloadedFontRegistration-Info.plist"; sourceTree = "<group>"; };
		4BAF50E5176CE632008697B7 /* Default-568h@2x.png */ = {isa = PBXFileReference; lastKnownFileType = image.png; name = "Default-568h@2x.png"; path = "Resources/Default-568h@2x.png"; sourceTree = "<group>"; };
		4BAF50E6176CE632008697B7 /* Default.png */ = {isa = PBXFileReference; lastKnownFileType = image.png; name = Default.png; path = Resources/Default.png; sourceTree = "<group>"; };
		4BAF50E7176CE632008697B7 /* Default@2x.png */ = {isa = PBXFileReference; lastKnownFileType = image.png; name = "Default@2x.png"; path = "Resources/Default@2x.png"; sourceTree = "<group>"; };
		4BAF50EE176CE656008697B7 /* DownloadedFontRegistration-Prefix.pch */ = {isa = PBXFileReference; fileEncoding = 4; lastKnownFileType = sourcecode.c.h; path = "DownloadedFontRegistration-Prefix.pch"; sourceTree = "<group>"; };
		4BAF50EF176CE656008697B7 /* main.m */ = {isa = PBXFileReference; fileEncoding = 4; lastKnownFileType = sourcecode.c.objc; path = main.m; sourceTree = "<group>"; };
		6FBB0D660C51440398FE9AC9 /* Pods.xcconfig */ = {isa = PBXFileReference; includeInIndex = 1; lastKnownFileType = text.xcconfig; name = Pods.xcconfig; path = Pods/Pods.xcconfig; sourceTree = SOURCE_ROOT; };
/* End PBXFileReference section */

/* Begin PBXFrameworksBuildPhase section */
		4BAF50AE176CE500008697B7 /* Frameworks */ = {
			isa = PBXFrameworksBuildPhase;
			buildActionMask = 2147483647;
			files = (
				4BAF50B5176CE500008697B7 /* UIKit.framework in Frameworks */,
				4BAF50B7176CE500008697B7 /* Foundation.framework in Frameworks */,
				4BAF50B9176CE500008697B7 /* CoreGraphics.framework in Frameworks */,
				F6FC71E26ABE44AB93E2D2C6 /* libPods.a in Frameworks */,
			);
			runOnlyForDeploymentPostprocessing = 0;
		};
/* End PBXFrameworksBuildPhase section */

/* Begin PBXGroup section */
		4B2D4558176D63CF003AA274 /* Controllers */ = {
			isa = PBXGroup;
			children = (
				4B2D454A176CEFD1003AA274 /* JNTableViewController.h */,
				4B2D454B176CEFD1003AA274 /* JNTableViewController.m */,
				4B2D4555176D01E7003AA274 /* JNTextViewController.h */,
				4B2D4556176D01E7003AA274 /* JNTextViewController.m */,
			);
			name = Controllers;
			sourceTree = "<group>";
		};
		4B2D4559176D63DB003AA274 /* Plists */ = {
			isa = PBXGroup;
			children = (
				4B2D454D176CF84E003AA274 /* DownloadedFonts.plist */,
				4B2D4552176CFA16003AA274 /* SystemFonts.plist */,
			);
			name = Plists;
			sourceTree = "<group>";
		};
		4BAF50A8176CE500008697B7 = {
			isa = PBXGroup;
			children = (
				4BAF50BA176CE500008697B7 /* DownloadedFontRegistration */,
				4BAF50B3176CE500008697B7 /* Frameworks */,
				4BAF50B2176CE500008697B7 /* Products */,
				6FBB0D660C51440398FE9AC9 /* Pods.xcconfig */,
			);
			sourceTree = "<group>";
		};
		4BAF50B2176CE500008697B7 /* Products */ = {
			isa = PBXGroup;
			children = (
				4BAF50B1176CE500008697B7 /* DownloadedFontRegistration.app */,
			);
			name = Products;
			sourceTree = "<group>";
		};
		4BAF50B3176CE500008697B7 /* Frameworks */ = {
			isa = PBXGroup;
			children = (
				4BAF50B4176CE500008697B7 /* UIKit.framework */,
				4BAF50B6176CE500008697B7 /* Foundation.framework */,
				4BAF50B8176CE500008697B7 /* CoreGraphics.framework */,
				45F6074048964165B1EFFF35 /* libPods.a */,
			);
			name = Frameworks;
			sourceTree = "<group>";
		};
		4BAF50BA176CE500008697B7 /* DownloadedFontRegistration */ = {
			isa = PBXGroup;
			children = (
				4BAF50D7176CE5A0008697B7 /* Classes */,
				4BAF50E4176CE61E008697B7 /* Resources */,
				4BAF50BB176CE500008697B7 /* Supporting Files */,
			);
			path = DownloadedFontRegistration;
			sourceTree = "<group>";
		};
		4BAF50BB176CE500008697B7 /* Supporting Files */ = {
			isa = PBXGroup;
			children = (
				4BAF50DF176CE60F008697B7 /* DownloadedFontRegistration-Info.plist */,
				4BAF50EE176CE656008697B7 /* DownloadedFontRegistration-Prefix.pch */,
				4BAF50DB176CE5ED008697B7 /* InfoPlist.strings */,
				4BAF50EF176CE656008697B7 /* main.m */,
			);
			name = "Supporting Files";
			sourceTree = "<group>";
		};
		4BAF50D7176CE5A0008697B7 /* Classes */ = {
			isa = PBXGroup;
			children = (
				4BAF50C3176CE500008697B7 /* JNAppDelegate.h */,
				4BAF50C4176CE500008697B7 /* JNAppDelegate.m */,
				4B2D4554176CFD1F003AA274 /* JNConstants.h */,
				4BAF50D8176CE5CF008697B7 /* MainStoryboard.storyboard */,
				4B2D4558176D63CF003AA274 /* Controllers */,
			);
			path = Classes;
			sourceTree = "<group>";
		};
		4BAF50E4176CE61E008697B7 /* Resources */ = {
			isa = PBXGroup;
			children = (
				4B2D4559176D63DB003AA274 /* Plists */,
				4BAF50E5176CE632008697B7 /* Default-568h@2x.png */,
				4BAF50E6176CE632008697B7 /* Default.png */,
				4BAF50E7176CE632008697B7 /* Default@2x.png */,
			);
			name = Resources;
			sourceTree = "<group>";
		};
/* End PBXGroup section */

/* Begin PBXNativeTarget section */
		4BAF50B0176CE500008697B7 /* DownloadedFontRegistration */ = {
			isa = PBXNativeTarget;
			buildConfigurationList = 4BAF50D4176CE500008697B7 /* Build configuration list for PBXNativeTarget "DownloadedFontRegistration" */;
			buildPhases = (
				F8B3D38728664F3782512875 /* Check Pods Manifest.lock */,
				4BAF50AD176CE500008697B7 /* Sources */,
				4BAF50AE176CE500008697B7 /* Frameworks */,
				4BAF50AF176CE500008697B7 /* Resources */,
				19798D0AE74B47599B163E12 /* Copy Pods Resources */,
			);
			buildRules = (
			);
			dependencies = (
			);
			name = DownloadedFontRegistration;
			productName = DownloadedFontRegistration;
			productReference = 4BAF50B1176CE500008697B7 /* DownloadedFontRegistration.app */;
			productType = "com.apple.product-type.application";
		};
/* End PBXNativeTarget section */

/* Begin PBXProject section */
		4BAF50A9176CE500008697B7 /* Project object */ = {
			isa = PBXProject;
			attributes = {
				CLASSPREFIX = JN;
				LastUpgradeCheck = 0460;
				ORGANIZATIONNAME = "Jiro Nagashima";
			};
			buildConfigurationList = 4BAF50AC176CE500008697B7 /* Build configuration list for PBXProject "DownloadedFontRegistration" */;
			compatibilityVersion = "Xcode 3.2";
			developmentRegion = English;
			hasScannedForEncodings = 0;
			knownRegions = (
				en,
			);
			mainGroup = 4BAF50A8176CE500008697B7;
			productRefGroup = 4BAF50B2176CE500008697B7 /* Products */;
			projectDirPath = "";
			projectRoot = "";
			targets = (
				4BAF50B0176CE500008697B7 /* DownloadedFontRegistration */,
			);
		};
/* End PBXProject section */

/* Begin PBXResourcesBuildPhase section */
		4BAF50AF176CE500008697B7 /* Resources */ = {
			isa = PBXResourcesBuildPhase;
			buildActionMask = 2147483647;
			files = (
				4BAF50D9176CE5CF008697B7 /* MainStoryboard.storyboard in Resources */,
				4BAF50DD176CE5ED008697B7 /* InfoPlist.strings in Resources */,
				4BAF50E8176CE632008697B7 /* Default-568h@2x.png in Resources */,
				4BAF50E9176CE632008697B7 /* Default.png in Resources */,
				4BAF50EA176CE632008697B7 /* Default@2x.png in Resources */,
				4B2D454E176CF84E003AA274 /* DownloadedFonts.plist in Resources */,
				4B2D4553176CFA16003AA274 /* SystemFonts.plist in Resources */,
			);
			runOnlyForDeploymentPostprocessing = 0;
		};
/* End PBXResourcesBuildPhase section */

/* Begin PBXShellScriptBuildPhase section */
		19798D0AE74B47599B163E12 /* Copy Pods Resources */ = {
			isa = PBXShellScriptBuildPhase;
			buildActionMask = 2147483647;
			files = (
			);
			inputPaths = (
			);
			name = "Copy Pods Resources";
			outputPaths = (
			);
			runOnlyForDeploymentPostprocessing = 0;
			shellPath = /bin/sh;
			shellScript = "\"${SRCROOT}/Pods/Pods-resources.sh\"\n";
		};
		F8B3D38728664F3782512875 /* Check Pods Manifest.lock */ = {
			isa = PBXShellScriptBuildPhase;
			buildActionMask = 2147483647;
			files = (
			);
			inputPaths = (
			);
			name = "Check Pods Manifest.lock";
			outputPaths = (
			);
			runOnlyForDeploymentPostprocessing = 0;
			shellPath = /bin/sh;
			shellScript = "diff \"${PODS_ROOT}/../Podfile.lock\" \"${PODS_ROOT}/Manifest.lock\" > /dev/null\nif [[ $? != 0 ]] ; then\n    cat << EOM\nerror: The sandbox is not in sync with the Podfile.lock. Run 'pod install' or update your CocoaPods installation.\nEOM\n    exit 1\nfi\n";
		};
/* End PBXShellScriptBuildPhase section */

/* Begin PBXSourcesBuildPhase section */
		4BAF50AD176CE500008697B7 /* Sources */ = {
			isa = PBXSourcesBuildPhase;
			buildActionMask = 2147483647;
			files = (
				4BAF50C5176CE500008697B7 /* JNAppDelegate.m in Sources */,
				4BAF50F0176CE656008697B7 /* main.m in Sources */,
				4B2D454C176CEFD1003AA274 /* JNTableViewController.m in Sources */,
				4B2D4557176D01E7003AA274 /* JNTextViewController.m in Sources */,
			);
			runOnlyForDeploymentPostprocessing = 0;
		};
/* End PBXSourcesBuildPhase section */

/* Begin XCBuildConfiguration section */
		4BAF50D2176CE500008697B7 /* Debug */ = {
			isa = XCBuildConfiguration;
			buildSettings = {
				ALWAYS_SEARCH_USER_PATHS = NO;
				CLANG_CXX_LANGUAGE_STANDARD = "gnu++0x";
				CLANG_CXX_LIBRARY = "libc++";
				CLANG_ENABLE_OBJC_ARC = YES;
				CLANG_WARN_CONSTANT_CONVERSION = YES;
				CLANG_WARN_EMPTY_BODY = YES;
				CLANG_WARN_ENUM_CONVERSION = YES;
				CLANG_WARN_INT_CONVERSION = YES;
				CLANG_WARN__DUPLICATE_METHOD_MATCH = YES;
				"CODE_SIGN_IDENTITY[sdk=iphoneos*]" = "iPhone Developer";
				COPY_PHASE_STRIP = NO;
				GCC_C_LANGUAGE_STANDARD = gnu99;
				GCC_DYNAMIC_NO_PIC = NO;
				GCC_OPTIMIZATION_LEVEL = 0;
				GCC_PREPROCESSOR_DEFINITIONS = (
					"DEBUG=1",
					"$(inherited)",
				);
				GCC_SYMBOLS_PRIVATE_EXTERN = NO;
				GCC_WARN_ABOUT_RETURN_TYPE = YES;
				GCC_WARN_UNINITIALIZED_AUTOS = YES;
				GCC_WARN_UNUSED_VARIABLE = YES;
				IPHONEOS_DEPLOYMENT_TARGET = 6.0;
				ONLY_ACTIVE_ARCH = YES;
				SDKROOT = iphoneos;
			};
			name = Debug;
		};
		4BAF50D3176CE500008697B7 /* Release */ = {
			isa = XCBuildConfiguration;
			buildSettings = {
				ALWAYS_SEARCH_USER_PATHS = NO;
				CLANG_CXX_LANGUAGE_STANDARD = "gnu++0x";
				CLANG_CXX_LIBRARY = "libc++";
				CLANG_ENABLE_OBJC_ARC = YES;
				CLANG_WARN_CONSTANT_CONVERSION = YES;
				CLANG_WARN_EMPTY_BODY = YES;
				CLANG_WARN_ENUM_CONVERSION = YES;
				CLANG_WARN_INT_CONVERSION = YES;
				CLANG_WARN__DUPLICATE_METHOD_MATCH = YES;
				"CODE_SIGN_IDENTITY[sdk=iphoneos*]" = "iPhone Developer";
				COPY_PHASE_STRIP = YES;
				GCC_C_LANGUAGE_STANDARD = gnu99;
				GCC_WARN_ABOUT_RETURN_TYPE = YES;
				GCC_WARN_UNINITIALIZED_AUTOS = YES;
				GCC_WARN_UNUSED_VARIABLE = YES;
				IPHONEOS_DEPLOYMENT_TARGET = 6.0;
				OTHER_CFLAGS = "-DNS_BLOCK_ASSERTIONS=1";
				SDKROOT = iphoneos;
				VALIDATE_PRODUCT = YES;
			};
			name = Release;
		};
		4BAF50D5176CE500008697B7 /* Debug */ = {
			isa = XCBuildConfiguration;
			baseConfigurationReference = 6FBB0D660C51440398FE9AC9 /* Pods.xcconfig */;
			buildSettings = {
				GCC_PRECOMPILE_PREFIX_HEADER = YES;
				GCC_PREFIX_HEADER = "DownloadedFontRegistration/DownloadedFontRegistration-Prefix.pch";
				INFOPLIST_FILE = "DownloadedFontRegistration/DownloadedFontRegistration-Info.plist";
				PRODUCT_NAME = "$(TARGET_NAME)";
				WRAPPER_EXTENSION = app;
			};
			name = Debug;
		};
		4BAF50D6176CE500008697B7 /* Release */ = {
			isa = XCBuildConfiguration;
			baseConfigurationReference = 6FBB0D660C51440398FE9AC9 /* Pods.xcconfig */;
			buildSettings = {
				GCC_PRECOMPILE_PREFIX_HEADER = YES;
				GCC_PREFIX_HEADER = "DownloadedFontRegistration/DownloadedFontRegistration-Prefix.pch";
				INFOPLIST_FILE = "DownloadedFontRegistration/DownloadedFontRegistration-Info.plist";
				PRODUCT_NAME = "$(TARGET_NAME)";
				WRAPPER_EXTENSION = app;
			};
			name = Release;
		};
/* End XCBuildConfiguration section */

/* Begin XCConfigurationList section */
		4BAF50AC176CE500008697B7 /* Build configuration list for PBXProject "DownloadedFontRegistration" */ = {
			isa = XCConfigurationList;
			buildConfigurations = (
				4BAF50D2176CE500008697B7 /* Debug */,
				4BAF50D3176CE500008697B7 /* Release */,
			);
			defaultConfigurationIsVisible = 0;
			defaultConfigurationName = Release;
		};
		4BAF50D4176CE500008697B7 /* Build configuration list for PBXNativeTarget "DownloadedFontRegistration" */ = {
			isa = XCConfigurationList;
			buildConfigurations = (
				4BAF50D5176CE500008697B7 /* Debug */,
				4BAF50D6176CE500008697B7 /* Release */,
			);
			defaultConfigurationIsVisible = 0;
			defaultConfigurationName = Release;
		};
/* End XCConfigurationList section */
	};
	rootObject = 4BAF50A9176CE500008697B7 /* Project object */;
}
